# THIS IS AN AUTOGENERATED FILE. DO NOT EDIT THIS FILE DIRECTLY.
# yarn lockfile v1


opentype.js@^1.1.0:
  version "1.1.0"
  resolved "https://registry.yarnpkg.com/opentype.js/-/opentype.js-1.1.0.tgz#59215beafd92b3f443943ec6198619452f76eb28"
  integrity sha512-SZimNGuUYrsGPk/nNCaytsrCWDbG+YB+G9Mzc6BM5XiIsIQpkhZa1QvSmNa+eN9xr1n+kBnBJih5YLVBviaJQg==
  dependencies:
    string.prototype.codepointat "^0.2.1"
    tiny-inflate "^1.0.2"

string.prototype.codepointat@^0.2.1:
  version "0.2.1"
  resolved "https://registry.yarnpkg.com/string.prototype.codepointat/-/string.prototype.codepointat-0.2.1.tgz#004ad44c8afc727527b108cd462b4d971cd469bc"
  integrity sha512-2cBVCj6I4IOvEnjgO/hWqXjqBGsY+zwPmHl12Srk9IXSZ56Jwwmy+66XO5Iut/oQVR7t5ihYdLB0GMa4alEUcg==

tiny-inflate@^1.0.2:
  version "1.0.2"
  resolved "https://registry.yarnpkg.com/tiny-inflate/-/tiny-inflate-1.0.2.tgz#93d9decffc8805bd57eae4310f0b745e9b6fb3a7"
  integrity sha1-k9nez/yIBb1X6uQxDwt0Xptvs6c=
