# THIS IS AN AUTOGENERATED FILE. DO NOT EDIT THIS FILE DIRECTLY.
# yarn lockfile v1


opentype.js@^1.0.1:
  version "1.0.1"
  resolved "https://registry.yarnpkg.com/opentype.js/-/opentype.js-1.0.1.tgz#4beb1f0015bbedd267370545925aefd520de57e3"
  integrity sha512-E7xh+R8rUgxWAx8AiuGwCvB+WacJ5uIpCBBqM6w+pHqfENvcR8sqwmWZu5ujg/cyLzHw0qcgC9XjD9BdEolNgw==
  dependencies:
    string.prototype.codepointat "^0.2.1"
    tiny-inflate "^1.0.2"

string.prototype.codepointat@^0.2.1:
  version "0.2.1"
  resolved "https://registry.yarnpkg.com/string.prototype.codepointat/-/string.prototype.codepointat-0.2.1.tgz#004ad44c8afc727527b108cd462b4d971cd469bc"
  integrity sha512-2cBVCj6I4IOvEnjgO/hWqXjqBGsY+zwPmHl12Srk9IXSZ56Jwwmy+66XO5Iut/oQVR7t5ihYdLB0GMa4alEUcg==

tiny-inflate@^1.0.2:
  version "1.0.2"
  resolved "https://registry.yarnpkg.com/tiny-inflate/-/tiny-inflate-1.0.2.tgz#93d9decffc8805bd57eae4310f0b745e9b6fb3a7"
  integrity sha1-k9nez/yIBb1X6uQxDwt0Xptvs6c=
