{
    "_readme": [
        "This file locks the dependencies of your project to a known state",
        "Read more about it at https://getcomposer.org/doc/01-basic-usage.md#installing-dependencies",
        "This file is @generated automatically"
    ],
    "content-hash": "c549118d3a6012e00b5ff23e7c8510b9",
    "packages": [
        {
            "name": "phenx/php-font-lib",
            "version": "0.5.1",
            "source": {
                "type": "git",
                "url": "https://github.com/PhenX/php-font-lib.git",
                "reference": "760148820110a1ae0936e5cc35851e25a938bc97"
            },
            "dist": {
                "type": "zip",
                "url": "https://api.github.com/repos/PhenX/php-font-lib/zipball/760148820110a1ae0936e5cc35851e25a938bc97",
                "reference": "760148820110a1ae0936e5cc35851e25a938bc97",
                "shasum": ""
            },
            "require-dev": {
                "phpunit/phpunit": "^4.8"
            },
            "type": "library",
            "autoload": {
                "psr-4": {
                    "FontLib\\": "src/FontLib"
                }
            },
            "notification-url": "https://packagist.org/downloads/",
            "license": [
                "LGPL-3.0"
            ],
            "authors": [
                {
                    "name": "Fabien Ménager",
                    "email": "fabien.menager@gmail.com"
                }
            ],
            "description": "A library to read, parse, export and make subsets of different types of font files.",
            "homepage": "https://github.com/PhenX/php-font-lib",
            "time": "2017-09-13T16:14:37+00:00"
        },
        {
            "name": "rospdf/pdf-php",
            "version": "0.12.49",
            "source": {
                "type": "git",
                "url": "https://github.com/rospdf/pdf-php.git",
                "reference": "db50fadfbc1588d6063f501285aae2e3837d0725"
            },
            "dist": {
                "type": "zip",
                "url": "https://api.github.com/repos/rospdf/pdf-php/zipball/db50fadfbc1588d6063f501285aae2e3837d0725",
                "reference": "db50fadfbc1588d6063f501285aae2e3837d0725",
                "shasum": ""
            },
            "require": {
                "php": ">=5.4.0"
            },
            "require-dev": {
                "phpunit/phpunit": "3.7.38",
                "squizlabs/php_codesniffer": "2.8.*"
            },
            "type": "library",
            "extra": {
                "branch-alias": {
                    "dev-experimental": "0.13.x-dev",
                    "dev-master": "0.12.x-dev"
                }
            },
            "autoload": {
                "files": [
                    "src/Cpdf.php",
                    "src/Cezpdf.php"
                ]
            },
            "notification-url": "https://packagist.org/downloads/",
            "license": [
                "MIT"
            ],
            "authors": [
                {
                    "name": "Lars Olesen",
                    "email": "lars@intraface.dk",
                    "role": "Developer"
                },
                {
                    "name": "Ole Koeckemann",
                    "email": "ole.k@web.de",
                    "role": "Project Head / Developer"
                },
                {
                    "name": "Sune Jensen",
                    "email": "sj@sunet.dk",
                    "role": "Developer"
                },
                {
                    "name": "Nicola Asuni",
                    "email": "info@tecnick.com",
                    "role": "Developer"
                },
                {
                    "name": "Wayne Munro",
                    "email": "pdf@ros.co.nz",
                    "role": "Founder / Inactive"
                }
            ],
            "description": "The R&OS Pdf class supports the creation of PDF documents without any adiditional modules or extensions.",
            "homepage": "https://github.com/rospdf/pdf-php",
            "time": "2018-12-08T10:28:04+00:00"
        },
        {
            "name": "tecnickcom/tcpdf",
            "version": "6.2.26",
            "source": {
                "type": "git",
                "url": "https://github.com/tecnickcom/TCPDF.git",
                "reference": "367241059ca166e3a76490f4448c284e0a161f15"
            },
            "dist": {
                "type": "zip",
                "url": "https://api.github.com/repos/tecnickcom/TCPDF/zipball/367241059ca166e3a76490f4448c284e0a161f15",
                "reference": "367241059ca166e3a76490f4448c284e0a161f15",
                "shasum": ""
            },
            "require": {
                "php": ">=5.3.0"
            },
            "type": "library",
            "autoload": {
                "classmap": [
                    "config",
                    "include",
                    "tcpdf.php",
                    "tcpdf_parser.php",
                    "tcpdf_import.php",
                    "tcpdf_barcodes_1d.php",
                    "tcpdf_barcodes_2d.php",
                    "include/tcpdf_colors.php",
                    "include/tcpdf_filters.php",
                    "include/tcpdf_font_data.php",
                    "include/tcpdf_fonts.php",
                    "include/tcpdf_images.php",
                    "include/tcpdf_static.php",
                    "include/barcodes/datamatrix.php",
                    "include/barcodes/pdf417.php",
                    "include/barcodes/qrcode.php"
                ]
            },
            "notification-url": "https://packagist.org/downloads/",
            "license": [
                "LGPL-3.0"
            ],
            "authors": [
                {
                    "name": "Nicola Asuni",
                    "email": "info@tecnick.com",
                    "role": "lead"
                }
            ],
            "description": "TCPDF is a PHP class for generating PDF documents and barcodes.",
            "homepage": "http://www.tcpdf.org/",
            "keywords": [
                "PDFD32000-2008",
                "TCPDF",
                "barcodes",
                "datamatrix",
                "pdf",
                "pdf417",
                "qrcode"
            ],
            "time": "2018-10-16T17:24:05+00:00"
        }
    ],
    "packages-dev": [],
    "aliases": [],
    "minimum-stability": "stable",
    "stability-flags": [],
    "prefer-stable": false,
    "prefer-lowest": false,
    "platform": [],
    "platform-dev": []
}
